
Microsoft Visual Studio Solution File, Format Version 12.00
# Visual Studio 15
VisualStudioVersion = 15.0.28307.852
MinimumVisualStudioVersion = 10.0.40219.1
Project("{2150E333-8FDC-42A3-9474-1A3956D46DE8}") = "0_Helpers", "0_Helpers", "{095B26FC-C02D-4B88-820C-54ADE4992BED}"
EndProject
Project("{2150E333-8FDC-42A3-9474-1A3956D46DE8}") = "Convert", "Convert", "{54324836-5B43-48A6-A399-BA7428E2BC81}"
EndProject
Project("{2150E333-8FDC-42A3-9474-1A3956D46DE8}") = "Logger", "Logger", "{28B2273A-FD6E-4D91-B411-083B7C2B7479}"
EndProject
Project("{2150E333-8FDC-42A3-9474-1A3956D46DE8}") = "1_Adapters", "1_Adapters", "{3896928F-2B20-4CA8-A2AB-46393F76C43C}"
EndProject
Project("{2150E333-8FDC-42A3-9474-1A3956D46DE8}") = "EmailAdapter", "EmailAdapter", "{492944C4-1760-4F7D-A417-71A38365C10A}"
EndProject
Project("{2150E333-8FDC-42A3-9474-1A3956D46DE8}") = "SMSAdapter", "SMSAdapter", "{B1E5EF84-BCBB-4806-9623-61C9EE4779AF}"
EndProject
Project("{2150E333-8FDC-42A3-9474-1A3956D46DE8}") = "2_Entities", "2_Entities", "{168DB35B-A0BD-4D1B-8D71-7B22326E96F8}"
EndProject
Project("{2150E333-8FDC-42A3-9474-1A3956D46DE8}") = "Enum", "Enum", "{C6D6B96F-4A5B-4586-B4C7-4F59BD73E652}"
EndProject
Project("{2150E333-8FDC-42A3-9474-1A3956D46DE8}") = "Map", "Map", "{C8148B73-B932-4F80-8A07-03AC95C5D79B}"
EndProject
Project("{2150E333-8FDC-42A3-9474-1A3956D46DE8}") = "Model", "Model", "{F374ACCD-BB0E-4D43-9112-EE5C8344BC0E}"
EndProject
Project("{2150E333-8FDC-42A3-9474-1A3956D46DE8}") = "ViewModel", "ViewModel", "{216D422D-4140-48FD-810E-7086A5A56C5C}"
EndProject
Project("{2150E333-8FDC-42A3-9474-1A3956D46DE8}") = "Validation", "Validation", "{6E96C137-FFC1-49E0-890E-F6C11193ABDC}"
EndProject
Project("{2150E333-8FDC-42A3-9474-1A3956D46DE8}") = "3_Data", "3_Data", "{A692FD69-0D93-44D9-9DD2-1BE09FB8DB77}"
EndProject
Project("{2150E333-8FDC-42A3-9474-1A3956D46DE8}") = "Interface", "Interface", "{04017221-6DA9-4C61-94C5-1A09DDF8A9F4}"
EndProject
Project("{2150E333-8FDC-42A3-9474-1A3956D46DE8}") = "GenericRepository", "GenericRepository", "{0B110598-B90A-4078-96A0-976A77A9FEA6}"
EndProject
Project("{2150E333-8FDC-42A3-9474-1A3956D46DE8}") = "4_Business", "4_Business", "{C84AF4F3-3C09-48A7-A592-D23EFC109701}"
EndProject
Project("{2150E333-8FDC-42A3-9474-1A3956D46DE8}") = "Interface", "Interface", "{292DB1AE-0D8B-4FD8-80D3-E6352E8ACAC6}"
EndProject
Project("{2150E333-8FDC-42A3-9474-1A3956D46DE8}") = "Host", "Host", "{2015C5CD-A186-416D-ACF5-221D9B2541EB}"
EndProject
Project("{2150E333-8FDC-42A3-9474-1A3956D46DE8}") = "5_Presentations", "5_Presentations", "{C4313640-5388-401D-930D-D0363F6598D5}"
EndProject
Project("{2150E333-8FDC-42A3-9474-1A3956D46DE8}") = "WebForm", "WebForm", "{96D56623-6573-4348-9043-8682395DC050}"
EndProject
Project("{2150E333-8FDC-42A3-9474-1A3956D46DE8}") = "WinForm", "WinForm", "{08DECAED-E5BB-4AAA-BCDE-A397FA67A286}"
EndProject
Project("{2150E333-8FDC-42A3-9474-1A3956D46DE8}") = "9_Tests", "9_Tests", "{D7300067-FF0B-43EA-B5D0-3528A1C749B0}"
EndProject
Project("{2150E333-8FDC-42A3-9474-1A3956D46DE8}") = "0_HelperTests", "0_HelperTests", "{E9C95C7C-C833-463D-867A-EF4106B3689F}"
EndProject
Project("{2150E333-8FDC-42A3-9474-1A3956D46DE8}") = "1_AdaptersTests", "1_AdaptersTests", "{C0FAC317-823C-42AC-99BB-F266D1DC6B72}"
EndProject
Project("{2150E333-8FDC-42A3-9474-1A3956D46DE8}") = "2_EntitiesTests", "2_EntitiesTests", "{FEDC7AA9-A918-4D84-943A-B9BAFDB2EFC4}"
EndProject
Project("{2150E333-8FDC-42A3-9474-1A3956D46DE8}") = "3_DataTests", "3_DataTests", "{994D8A81-3A9C-4E26-86AD-BBB48A8707C2}"
EndProject
Project("{2150E333-8FDC-42A3-9474-1A3956D46DE8}") = "4_BusinessTests", "4_BusinessTests", "{D3A9D9A4-8846-42DC-BAD9-6F9355C326E1}"
EndProject
Project("{2150E333-8FDC-42A3-9474-1A3956D46DE8}") = "5_PresentationTests", "5_PresentationTests", "{2C0A249D-6DD5-4869-8F0D-2AB9505F473E}"
EndProject
Global
	GlobalSection(SolutionProperties) = preSolution
		HideSolutionNode = FALSE
	EndGlobalSection
	GlobalSection(NestedProjects) = preSolution
		{54324836-5B43-48A6-A399-BA7428E2BC81} = {095B26FC-C02D-4B88-820C-54ADE4992BED}
		{28B2273A-FD6E-4D91-B411-083B7C2B7479} = {095B26FC-C02D-4B88-820C-54ADE4992BED}
		{492944C4-1760-4F7D-A417-71A38365C10A} = {3896928F-2B20-4CA8-A2AB-46393F76C43C}
		{B1E5EF84-BCBB-4806-9623-61C9EE4779AF} = {3896928F-2B20-4CA8-A2AB-46393F76C43C}
		{C6D6B96F-4A5B-4586-B4C7-4F59BD73E652} = {168DB35B-A0BD-4D1B-8D71-7B22326E96F8}
		{C8148B73-B932-4F80-8A07-03AC95C5D79B} = {168DB35B-A0BD-4D1B-8D71-7B22326E96F8}
		{F374ACCD-BB0E-4D43-9112-EE5C8344BC0E} = {168DB35B-A0BD-4D1B-8D71-7B22326E96F8}
		{216D422D-4140-48FD-810E-7086A5A56C5C} = {168DB35B-A0BD-4D1B-8D71-7B22326E96F8}
		{6E96C137-FFC1-49E0-890E-F6C11193ABDC} = {168DB35B-A0BD-4D1B-8D71-7B22326E96F8}
		{04017221-6DA9-4C61-94C5-1A09DDF8A9F4} = {A692FD69-0D93-44D9-9DD2-1BE09FB8DB77}
		{0B110598-B90A-4078-96A0-976A77A9FEA6} = {A692FD69-0D93-44D9-9DD2-1BE09FB8DB77}
		{292DB1AE-0D8B-4FD8-80D3-E6352E8ACAC6} = {C84AF4F3-3C09-48A7-A592-D23EFC109701}
		{2015C5CD-A186-416D-ACF5-221D9B2541EB} = {C84AF4F3-3C09-48A7-A592-D23EFC109701}
		{96D56623-6573-4348-9043-8682395DC050} = {C4313640-5388-401D-930D-D0363F6598D5}
		{08DECAED-E5BB-4AAA-BCDE-A397FA67A286} = {C4313640-5388-401D-930D-D0363F6598D5}
		{E9C95C7C-C833-463D-867A-EF4106B3689F} = {D7300067-FF0B-43EA-B5D0-3528A1C749B0}
		{C0FAC317-823C-42AC-99BB-F266D1DC6B72} = {D7300067-FF0B-43EA-B5D0-3528A1C749B0}
		{FEDC7AA9-A918-4D84-943A-B9BAFDB2EFC4} = {D7300067-FF0B-43EA-B5D0-3528A1C749B0}
		{994D8A81-3A9C-4E26-86AD-BBB48A8707C2} = {D7300067-FF0B-43EA-B5D0-3528A1C749B0}
		{D3A9D9A4-8846-42DC-BAD9-6F9355C326E1} = {D7300067-FF0B-43EA-B5D0-3528A1C749B0}
		{2C0A249D-6DD5-4869-8F0D-2AB9505F473E} = {D7300067-FF0B-43EA-B5D0-3528A1C749B0}
	EndGlobalSection
	GlobalSection(ExtensibilityGlobals) = postSolution
		SolutionGuid = {FBCE4871-5570-4039-808D-390FA0FDD155}
	EndGlobalSection
EndGlobal
