
Microsoft Visual Studio Solution File, Format Version 12.00
# Visual Studio 15
VisualStudioVersion = 15.0.28307.852
MinimumVisualStudioVersion = 10.0.40219.1
Project("{2150E333-8FDC-42A3-9474-1A3956D46DE8}") = "0_Helpers", "0_Helpers", "{095B26FC-C02D-4B88-820C-54ADE4992BED}"
EndProject
Project("{2150E333-8FDC-42A3-9474-1A3956D46DE8}") = "Convert", "Convert", "{54324836-5B43-48A6-A399-BA7428E2BC81}"
EndProject
Project("{2150E333-8FDC-42A3-9474-1A3956D46DE8}") = "Logger", "Logger", "{28B2273A-FD6E-4D91-B411-083B7C2B7479}"
EndProject
Project("{2150E333-8FDC-42A3-9474-1A3956D46DE8}") = "1_Adapters", "1_Adapters", "{3896928F-2B20-4CA8-A2AB-46393F76C43C}"
EndProject
Project("{2150E333-8FDC-42A3-9474-1A3956D46DE8}") = "EmailAdapter", "EmailAdapter", "{492944C4-1760-4F7D-A417-71A38365C10A}"
EndProject
Project("{2150E333-8FDC-42A3-9474-1A3956D46DE8}") = "SMSAdapter", "SMSAdapter", "{B1E5EF84-BCBB-4806-9623-61C9EE4779AF}"
EndProject
Project("{2150E333-8FDC-42A3-9474-1A3956D46DE8}") = "Entities", "Entities", "{168DB35B-A0BD-4D1B-8D71-7B22326E96F8}"
EndProject
Project("{2150E333-8FDC-42A3-9474-1A3956D46DE8}") = "Enum", "Enum", "{C6D6B96F-4A5B-4586-B4C7-4F59BD73E652}"
EndProject
Project("{2150E333-8FDC-42A3-9474-1A3956D46DE8}") = "Map", "Map", "{C8148B73-B932-4F80-8A07-03AC95C5D79B}"
EndProject
Global
	GlobalSection(SolutionProperties) = preSolution
		HideSolutionNode = FALSE
	EndGlobalSection
	GlobalSection(NestedProjects) = preSolution
		{54324836-5B43-48A6-A399-BA7428E2BC81} = {095B26FC-C02D-4B88-820C-54ADE4992BED}
		{28B2273A-FD6E-4D91-B411-083B7C2B7479} = {095B26FC-C02D-4B88-820C-54ADE4992BED}
		{492944C4-1760-4F7D-A417-71A38365C10A} = {3896928F-2B20-4CA8-A2AB-46393F76C43C}
		{B1E5EF84-BCBB-4806-9623-61C9EE4779AF} = {3896928F-2B20-4CA8-A2AB-46393F76C43C}
		{C6D6B96F-4A5B-4586-B4C7-4F59BD73E652} = {168DB35B-A0BD-4D1B-8D71-7B22326E96F8}
		{C8148B73-B932-4F80-8A07-03AC95C5D79B} = {168DB35B-A0BD-4D1B-8D71-7B22326E96F8}
	EndGlobalSection
	GlobalSection(ExtensibilityGlobals) = postSolution
		SolutionGuid = {FBCE4871-5570-4039-808D-390FA0FDD155}
	EndGlobalSection
EndGlobal
