
Microsoft Visual Studio Solution File, Format Version 12.00
# Visual Studio 15
VisualStudioVersion = 15.0.28307.852
MinimumVisualStudioVersion = 10.0.40219.1
Project("{2150E333-8FDC-42A3-9474-1A3956D46DE8}") = "0_Helpers", "0_Helpers", "{095B26FC-C02D-4B88-820C-54ADE4992BED}"
EndProject
Project("{2150E333-8FDC-42A3-9474-1A3956D46DE8}") = "Convert", "Convert", "{54324836-5B43-48A6-A399-BA7428E2BC81}"
EndProject
Project("{2150E333-8FDC-42A3-9474-1A3956D46DE8}") = "Logger", "Logger", "{28B2273A-FD6E-4D91-B411-083B7C2B7479}"
EndProject
Project("{2150E333-8FDC-42A3-9474-1A3956D46DE8}") = "1_Adapters", "1_Adapters", "{3896928F-2B20-4CA8-A2AB-46393F76C43C}"
EndProject
Project("{2150E333-8FDC-42A3-9474-1A3956D46DE8}") = "EmailAdapter", "EmailAdapter", "{492944C4-1760-4F7D-A417-71A38365C10A}"
EndProject
Project("{2150E333-8FDC-42A3-9474-1A3956D46DE8}") = "SMSAdapter", "SMSAdapter", "{B1E5EF84-BCBB-4806-9623-61C9EE4779AF}"
EndProject
Project("{2150E333-8FDC-42A3-9474-1A3956D46DE8}") = "2_Entities", "2_Entities", "{168DB35B-A0BD-4D1B-8D71-7B22326E96F8}"
EndProject
Project("{2150E333-8FDC-42A3-9474-1A3956D46DE8}") = "Enum", "Enum", "{C6D6B96F-4A5B-4586-B4C7-4F59BD73E652}"
EndProject
Project("{2150E333-8FDC-42A3-9474-1A3956D46DE8}") = "Map", "Map", "{C8148B73-B932-4F80-8A07-03AC95C5D79B}"
EndProject
Project("{2150E333-8FDC-42A3-9474-1A3956D46DE8}") = "Model", "Model", "{F374ACCD-BB0E-4D43-9112-EE5C8344BC0E}"
EndProject
Project("{2150E333-8FDC-42A3-9474-1A3956D46DE8}") = "ViewModel", "ViewModel", "{216D422D-4140-48FD-810E-7086A5A56C5C}"
EndProject
Project("{2150E333-8FDC-42A3-9474-1A3956D46DE8}") = "Validation", "Validation", "{6E96C137-FFC1-49E0-890E-F6C11193ABDC}"
EndProject
Project("{2150E333-8FDC-42A3-9474-1A3956D46DE8}") = "3_Data", "3_Data", "{A692FD69-0D93-44D9-9DD2-1BE09FB8DB77}"
EndProject
Project("{2150E333-8FDC-42A3-9474-1A3956D46DE8}") = "Interface", "Interface", "{04017221-6DA9-4C61-94C5-1A09DDF8A9F4}"
EndProject
Project("{2150E333-8FDC-42A3-9474-1A3956D46DE8}") = "4_Business", "4_Business", "{C84AF4F3-3C09-48A7-A592-D23EFC109701}"
EndProject
Project("{2150E333-8FDC-42A3-9474-1A3956D46DE8}") = "Interface", "Interface", "{292DB1AE-0D8B-4FD8-80D3-E6352E8ACAC6}"
EndProject
Project("{2150E333-8FDC-42A3-9474-1A3956D46DE8}") = "Host", "Host", "{2015C5CD-A186-416D-ACF5-221D9B2541EB}"
EndProject
Project("{2150E333-8FDC-42A3-9474-1A3956D46DE8}") = "5_Presentations", "5_Presentations", "{C4313640-5388-401D-930D-D0363F6598D5}"
EndProject
Project("{2150E333-8FDC-42A3-9474-1A3956D46DE8}") = "WebForm", "WebForm", "{96D56623-6573-4348-9043-8682395DC050}"
EndProject
Project("{2150E333-8FDC-42A3-9474-1A3956D46DE8}") = "WinForm", "WinForm", "{08DECAED-E5BB-4AAA-BCDE-A397FA67A286}"
EndProject
Project("{2150E333-8FDC-42A3-9474-1A3956D46DE8}") = "9_Tests", "9_Tests", "{D7300067-FF0B-43EA-B5D0-3528A1C749B0}"
EndProject
Project("{2150E333-8FDC-42A3-9474-1A3956D46DE8}") = "0_HelperTests", "0_HelperTests", "{E9C95C7C-C833-463D-867A-EF4106B3689F}"
EndProject
Project("{2150E333-8FDC-42A3-9474-1A3956D46DE8}") = "1_AdaptersTests", "1_AdaptersTests", "{C0FAC317-823C-42AC-99BB-F266D1DC6B72}"
EndProject
Project("{2150E333-8FDC-42A3-9474-1A3956D46DE8}") = "2_EntitiesTests", "2_EntitiesTests", "{FEDC7AA9-A918-4D84-943A-B9BAFDB2EFC4}"
EndProject
Project("{2150E333-8FDC-42A3-9474-1A3956D46DE8}") = "3_DataTests", "3_DataTests", "{994D8A81-3A9C-4E26-86AD-BBB48A8707C2}"
EndProject
Project("{2150E333-8FDC-42A3-9474-1A3956D46DE8}") = "4_BusinessTests", "4_BusinessTests", "{D3A9D9A4-8846-42DC-BAD9-6F9355C326E1}"
EndProject
Project("{2150E333-8FDC-42A3-9474-1A3956D46DE8}") = "5_PresentationTests", "5_PresentationTests", "{2C0A249D-6DD5-4869-8F0D-2AB9505F473E}"
EndProject
Project("{FAE04EC0-301F-11D3-BF4B-00C04F79EFBC}") = "NTier.Entities.Model", "NTier.Entities.Model\NTier.Entities.Model.csproj", "{CB32B531-A56B-40DC-8663-82C88216C49F}"
EndProject
Project("{FAE04EC0-301F-11D3-BF4B-00C04F79EFBC}") = "NTier.Entities.Enum", "NTier.Entities.Enum\NTier.Entities.Enum.csproj", "{B1373F55-2DA8-4F80-BB91-34D3E06D541C}"
EndProject
Project("{2150E333-8FDC-42A3-9474-1A3956D46DE8}") = "Infrastructure", "Infrastructure", "{C8DFEC00-EA0D-410B-903E-8117127172CB}"
EndProject
Project("{FAE04EC0-301F-11D3-BF4B-00C04F79EFBC}") = "NTier.Entities.Infrastructure", "NTier.Entities.Infrastructure\NTier.Entities.Infrastructure.csproj", "{F84716D9-E3CF-4F4E-B96E-9F2AA93AA898}"
EndProject
Project("{FAE04EC0-301F-11D3-BF4B-00C04F79EFBC}") = "NTier.Data.Interface", "NTier.Data.Interface\NTier.Data.Interface.csproj", "{641E4E38-EB22-4A97-8F85-ABFB368A128D}"
EndProject
Project("{2150E333-8FDC-42A3-9474-1A3956D46DE8}") = "Repository", "Repository", "{F292E92B-83E4-4545-A158-945239B8E4E2}"
EndProject
Project("{FAE04EC0-301F-11D3-BF4B-00C04F79EFBC}") = "NTier.Data.Repository", "NTier.Data.Repository\NTier.Data.Repository.csproj", "{49B9CBEF-BCF2-40F5-BD2C-3A679E403AE3}"
EndProject
Global
	GlobalSection(SolutionConfigurationPlatforms) = preSolution
		Debug|Any CPU = Debug|Any CPU
		Release|Any CPU = Release|Any CPU
	EndGlobalSection
	GlobalSection(ProjectConfigurationPlatforms) = postSolution
		{CB32B531-A56B-40DC-8663-82C88216C49F}.Debug|Any CPU.ActiveCfg = Debug|Any CPU
		{CB32B531-A56B-40DC-8663-82C88216C49F}.Debug|Any CPU.Build.0 = Debug|Any CPU
		{CB32B531-A56B-40DC-8663-82C88216C49F}.Release|Any CPU.ActiveCfg = Release|Any CPU
		{CB32B531-A56B-40DC-8663-82C88216C49F}.Release|Any CPU.Build.0 = Release|Any CPU
		{B1373F55-2DA8-4F80-BB91-34D3E06D541C}.Debug|Any CPU.ActiveCfg = Debug|Any CPU
		{B1373F55-2DA8-4F80-BB91-34D3E06D541C}.Debug|Any CPU.Build.0 = Debug|Any CPU
		{B1373F55-2DA8-4F80-BB91-34D3E06D541C}.Release|Any CPU.ActiveCfg = Release|Any CPU
		{B1373F55-2DA8-4F80-BB91-34D3E06D541C}.Release|Any CPU.Build.0 = Release|Any CPU
		{F84716D9-E3CF-4F4E-B96E-9F2AA93AA898}.Debug|Any CPU.ActiveCfg = Debug|Any CPU
		{F84716D9-E3CF-4F4E-B96E-9F2AA93AA898}.Debug|Any CPU.Build.0 = Debug|Any CPU
		{F84716D9-E3CF-4F4E-B96E-9F2AA93AA898}.Release|Any CPU.ActiveCfg = Release|Any CPU
		{F84716D9-E3CF-4F4E-B96E-9F2AA93AA898}.Release|Any CPU.Build.0 = Release|Any CPU
		{641E4E38-EB22-4A97-8F85-ABFB368A128D}.Debug|Any CPU.ActiveCfg = Debug|Any CPU
		{641E4E38-EB22-4A97-8F85-ABFB368A128D}.Debug|Any CPU.Build.0 = Debug|Any CPU
		{641E4E38-EB22-4A97-8F85-ABFB368A128D}.Release|Any CPU.ActiveCfg = Release|Any CPU
		{641E4E38-EB22-4A97-8F85-ABFB368A128D}.Release|Any CPU.Build.0 = Release|Any CPU
		{49B9CBEF-BCF2-40F5-BD2C-3A679E403AE3}.Debug|Any CPU.ActiveCfg = Debug|Any CPU
		{49B9CBEF-BCF2-40F5-BD2C-3A679E403AE3}.Debug|Any CPU.Build.0 = Debug|Any CPU
		{49B9CBEF-BCF2-40F5-BD2C-3A679E403AE3}.Release|Any CPU.ActiveCfg = Release|Any CPU
		{49B9CBEF-BCF2-40F5-BD2C-3A679E403AE3}.Release|Any CPU.Build.0 = Release|Any CPU
	EndGlobalSection
	GlobalSection(SolutionProperties) = preSolution
		HideSolutionNode = FALSE
	EndGlobalSection
	GlobalSection(NestedProjects) = preSolution
		{54324836-5B43-48A6-A399-BA7428E2BC81} = {095B26FC-C02D-4B88-820C-54ADE4992BED}
		{28B2273A-FD6E-4D91-B411-083B7C2B7479} = {095B26FC-C02D-4B88-820C-54ADE4992BED}
		{492944C4-1760-4F7D-A417-71A38365C10A} = {3896928F-2B20-4CA8-A2AB-46393F76C43C}
		{B1E5EF84-BCBB-4806-9623-61C9EE4779AF} = {3896928F-2B20-4CA8-A2AB-46393F76C43C}
		{C6D6B96F-4A5B-4586-B4C7-4F59BD73E652} = {168DB35B-A0BD-4D1B-8D71-7B22326E96F8}
		{C8148B73-B932-4F80-8A07-03AC95C5D79B} = {168DB35B-A0BD-4D1B-8D71-7B22326E96F8}
		{F374ACCD-BB0E-4D43-9112-EE5C8344BC0E} = {168DB35B-A0BD-4D1B-8D71-7B22326E96F8}
		{216D422D-4140-48FD-810E-7086A5A56C5C} = {168DB35B-A0BD-4D1B-8D71-7B22326E96F8}
		{6E96C137-FFC1-49E0-890E-F6C11193ABDC} = {168DB35B-A0BD-4D1B-8D71-7B22326E96F8}
		{04017221-6DA9-4C61-94C5-1A09DDF8A9F4} = {A692FD69-0D93-44D9-9DD2-1BE09FB8DB77}
		{292DB1AE-0D8B-4FD8-80D3-E6352E8ACAC6} = {C84AF4F3-3C09-48A7-A592-D23EFC109701}
		{2015C5CD-A186-416D-ACF5-221D9B2541EB} = {C84AF4F3-3C09-48A7-A592-D23EFC109701}
		{96D56623-6573-4348-9043-8682395DC050} = {C4313640-5388-401D-930D-D0363F6598D5}
		{08DECAED-E5BB-4AAA-BCDE-A397FA67A286} = {C4313640-5388-401D-930D-D0363F6598D5}
		{E9C95C7C-C833-463D-867A-EF4106B3689F} = {D7300067-FF0B-43EA-B5D0-3528A1C749B0}
		{C0FAC317-823C-42AC-99BB-F266D1DC6B72} = {D7300067-FF0B-43EA-B5D0-3528A1C749B0}
		{FEDC7AA9-A918-4D84-943A-B9BAFDB2EFC4} = {D7300067-FF0B-43EA-B5D0-3528A1C749B0}
		{994D8A81-3A9C-4E26-86AD-BBB48A8707C2} = {D7300067-FF0B-43EA-B5D0-3528A1C749B0}
		{D3A9D9A4-8846-42DC-BAD9-6F9355C326E1} = {D7300067-FF0B-43EA-B5D0-3528A1C749B0}
		{2C0A249D-6DD5-4869-8F0D-2AB9505F473E} = {D7300067-FF0B-43EA-B5D0-3528A1C749B0}
		{CB32B531-A56B-40DC-8663-82C88216C49F} = {F374ACCD-BB0E-4D43-9112-EE5C8344BC0E}
		{B1373F55-2DA8-4F80-BB91-34D3E06D541C} = {C6D6B96F-4A5B-4586-B4C7-4F59BD73E652}
		{C8DFEC00-EA0D-410B-903E-8117127172CB} = {168DB35B-A0BD-4D1B-8D71-7B22326E96F8}
		{F84716D9-E3CF-4F4E-B96E-9F2AA93AA898} = {C8DFEC00-EA0D-410B-903E-8117127172CB}
		{641E4E38-EB22-4A97-8F85-ABFB368A128D} = {04017221-6DA9-4C61-94C5-1A09DDF8A9F4}
		{F292E92B-83E4-4545-A158-945239B8E4E2} = {A692FD69-0D93-44D9-9DD2-1BE09FB8DB77}
		{49B9CBEF-BCF2-40F5-BD2C-3A679E403AE3} = {F292E92B-83E4-4545-A158-945239B8E4E2}
	EndGlobalSection
	GlobalSection(ExtensibilityGlobals) = postSolution
		SolutionGuid = {FBCE4871-5570-4039-808D-390FA0FDD155}
	EndGlobalSection
EndGlobal
